{
  "requires": true,
  "lockfileVersion": 1,
  "dependencies": {
    "bitwise": {
      "version": "2.1.0",
      "resolved": "https://registry.npmjs.org/bitwise/-/bitwise-2.1.0.tgz",
      "integrity": "sha512-XKgAhMXCh4H/3oNwAHAsAO0iC89s9cOiumgYwSHjSobGWxYjv62YhkL9QEdvGP151xypCtMlAfKK79GEcd2eRQ=="
    }
  }
}
